
Microsoft Visual Studio Solution File, Format Version 12.00
# Visual Studio 15
VisualStudioVersion = 15.0.27130.2027
MinimumVisualStudioVersion = 10.0.40219.1
Project("{2150E333-8FDC-42A3-9474-1A3956D46DE8}") = "Solution Items", "Solution Items", "{81ABC12F-B290-4D02-90EF-0C879A5BD53F}"
	ProjectSection(SolutionItems) = preProject
		README.md = README.md
	EndProjectSection
EndProject
Project("{2150E333-8FDC-42A3-9474-1A3956D46DE8}") = "Core", "Core", "{84279FBA-34AA-4AA3-8B54-683095253B88}"
EndProject
Project("{9A19103F-16F7-4668-BE54-9A1E7A4F7556}") = "ITS.Core.Abstractions", "ITS.Core.Abstractions\ITS.Core.Abstractions.csproj", "{AEE09199-7E0C-49DE-8F99-039C3AE719BA}"
EndProject
Project("{9A19103F-16F7-4668-BE54-9A1E7A4F7556}") = "ITS.Core.Abstractions.Services", "ITS.Core.Abstractions.Services\ITS.Core.Abstractions.Services.csproj", "{4324F0E2-FD83-49E7-9D13-55CB07A5FB4F}"
EndProject
Project("{9A19103F-16F7-4668-BE54-9A1E7A4F7556}") = "ITS.Core.Abstractions.Trackable", "ITS.Core.Abstractions.Trackable\ITS.Core.Abstractions.Trackable.csproj", "{08B4A28C-422D-4805-AFC3-359D90A71126}"
EndProject
Project("{9A19103F-16F7-4668-BE54-9A1E7A4F7556}") = "ITS.Core.EF", "ITS.Core.EF\ITS.Core.EF.csproj", "{C0938248-4B13-4D32-9352-0226030C77DD}"
EndProject
Project("{9A19103F-16F7-4668-BE54-9A1E7A4F7556}") = "ITS.Core.EF.Trackable", "ITS.Core.EF.Trackable\ITS.Core.EF.Trackable.csproj", "{E834AD41-72F5-4E29-880E-4D0D28173628}"
EndProject
Project("{9A19103F-16F7-4668-BE54-9A1E7A4F7556}") = "ITS.Core.Services", "ITS.Core.Services\ITS.Core.Services.csproj", "{D5101F5B-07CB-4E50-8B6B-2370B70CBD64}"
EndProject
Project("{9A19103F-16F7-4668-BE54-9A1E7A4F7556}") = "ITS.TrackableEntities.Common.Core", "ITS.TrackableEntities.Common.Core\ITS.TrackableEntities.Common.Core.csproj", "{6D1FD3D8-EE7F-42AC-A902-9D4CCA19F196}"
EndProject
Project("{9A19103F-16F7-4668-BE54-9A1E7A4F7556}") = "ITS.TrackableEntities.EF.Core", "ITS.TrackableEntities.EF.Core\ITS.TrackableEntities.EF.Core.csproj", "{9426BB05-3444-4402-B59E-0C7E2AF0D5BE}"
EndProject
Project("{2150E333-8FDC-42A3-9474-1A3956D46DE8}") = "Pligrimage", "Pligrimage", "{B99C6BD2-831A-4B91-965B-91D9F41DAEE7}"
EndProject
Project("{9A19103F-16F7-4668-BE54-9A1E7A4F7556}") = "Pligrimage.Entities", "Pligrimage.Entities\Pligrimage.Entities.csproj", "{E37A7F14-1EC6-4EC7-B698-046D2FA5D7D0}"
EndProject
Project("{9A19103F-16F7-4668-BE54-9A1E7A4F7556}") = "Pligrimage.Services", "Pligrimage.Services\Pligrimage.Services.csproj", "{421F77AB-87DD-492F-BA8D-C26D62E7DA6F}"
EndProject
Project("{9A19103F-16F7-4668-BE54-9A1E7A4F7556}") = "Pligrimage.Data", "Pligrimage.Data\Pligrimage.Data.csproj", "{17BE20B0-58FB-4DCF-8558-AF79D4FB68BC}"
EndProject
Project("{9A19103F-16F7-4668-BE54-9A1E7A4F7556}") = "Pligrimage.Web", "Pligrimage.Web\Pligrimage.Web.csproj", "{AA03AFBE-886A-4F6D-A483-1383B920DD9E}"
EndProject
Project("{9A19103F-16F7-4668-BE54-9A1E7A4F7556}") = "Pligrimage.Web.Common", "Pligrimage.Web.Common\Pligrimage.Web.Common.csproj", "{9EADF28F-8DFA-46B1-9CA7-93791664534D}"
EndProject
Project("{9A19103F-16F7-4668-BE54-9A1E7A4F7556}") = "HrmsHttpClient", "HrmsHttpClient\HrmsHttpClient.csproj", "{8C92B18A-582A-4BE6-810C-620B9494D4C0}"
EndProject
Global
	GlobalSection(SolutionConfigurationPlatforms) = preSolution
		Debug|Any CPU = Debug|Any CPU
		Debug|x86 = Debug|x86
		Release|Any CPU = Release|Any CPU
		Release|x86 = Release|x86
	EndGlobalSection
	GlobalSection(ProjectConfigurationPlatforms) = postSolution
		{AEE09199-7E0C-49DE-8F99-039C3AE719BA}.Debug|Any CPU.ActiveCfg = Debug|Any CPU
		{AEE09199-7E0C-49DE-8F99-039C3AE719BA}.Debug|Any CPU.Build.0 = Debug|Any CPU
		{AEE09199-7E0C-49DE-8F99-039C3AE719BA}.Debug|x86.ActiveCfg = Debug|Any CPU
		{AEE09199-7E0C-49DE-8F99-039C3AE719BA}.Debug|x86.Build.0 = Debug|Any CPU
		{AEE09199-7E0C-49DE-8F99-039C3AE719BA}.Release|Any CPU.ActiveCfg = Release|Any CPU
		{AEE09199-7E0C-49DE-8F99-039C3AE719BA}.Release|Any CPU.Build.0 = Release|Any CPU
		{AEE09199-7E0C-49DE-8F99-039C3AE719BA}.Release|x86.ActiveCfg = Release|Any CPU
		{AEE09199-7E0C-49DE-8F99-039C3AE719BA}.Release|x86.Build.0 = Release|Any CPU
		{4324F0E2-FD83-49E7-9D13-55CB07A5FB4F}.Debug|Any CPU.ActiveCfg = Debug|Any CPU
		{4324F0E2-FD83-49E7-9D13-55CB07A5FB4F}.Debug|Any CPU.Build.0 = Debug|Any CPU
		{4324F0E2-FD83-49E7-9D13-55CB07A5FB4F}.Debug|x86.ActiveCfg = Debug|Any CPU
		{4324F0E2-FD83-49E7-9D13-55CB07A5FB4F}.Debug|x86.Build.0 = Debug|Any CPU
		{4324F0E2-FD83-49E7-9D13-55CB07A5FB4F}.Release|Any CPU.ActiveCfg = Release|Any CPU
		{4324F0E2-FD83-49E7-9D13-55CB07A5FB4F}.Release|Any CPU.Build.0 = Release|Any CPU
		{4324F0E2-FD83-49E7-9D13-55CB07A5FB4F}.Release|x86.ActiveCfg = Release|Any CPU
		{4324F0E2-FD83-49E7-9D13-55CB07A5FB4F}.Release|x86.Build.0 = Release|Any CPU
		{08B4A28C-422D-4805-AFC3-359D90A71126}.Debug|Any CPU.ActiveCfg = Debug|Any CPU
		{08B4A28C-422D-4805-AFC3-359D90A71126}.Debug|Any CPU.Build.0 = Debug|Any CPU
		{08B4A28C-422D-4805-AFC3-359D90A71126}.Debug|x86.ActiveCfg = Debug|Any CPU
		{08B4A28C-422D-4805-AFC3-359D90A71126}.Debug|x86.Build.0 = Debug|Any CPU
		{08B4A28C-422D-4805-AFC3-359D90A71126}.Release|Any CPU.ActiveCfg = Release|Any CPU
		{08B4A28C-422D-4805-AFC3-359D90A71126}.Release|Any CPU.Build.0 = Release|Any CPU
		{08B4A28C-422D-4805-AFC3-359D90A71126}.Release|x86.ActiveCfg = Release|Any CPU
		{08B4A28C-422D-4805-AFC3-359D90A71126}.Release|x86.Build.0 = Release|Any CPU
		{C0938248-4B13-4D32-9352-0226030C77DD}.Debug|Any CPU.ActiveCfg = Debug|Any CPU
		{C0938248-4B13-4D32-9352-0226030C77DD}.Debug|Any CPU.Build.0 = Debug|Any CPU
		{C0938248-4B13-4D32-9352-0226030C77DD}.Debug|x86.ActiveCfg = Debug|Any CPU
		{C0938248-4B13-4D32-9352-0226030C77DD}.Debug|x86.Build.0 = Debug|Any CPU
		{C0938248-4B13-4D32-9352-0226030C77DD}.Release|Any CPU.ActiveCfg = Release|Any CPU
		{C0938248-4B13-4D32-9352-0226030C77DD}.Release|Any CPU.Build.0 = Release|Any CPU
		{C0938248-4B13-4D32-9352-0226030C77DD}.Release|x86.ActiveCfg = Release|Any CPU
		{C0938248-4B13-4D32-9352-0226030C77DD}.Release|x86.Build.0 = Release|Any CPU
		{E834AD41-72F5-4E29-880E-4D0D28173628}.Debug|Any CPU.ActiveCfg = Debug|Any CPU
		{E834AD41-72F5-4E29-880E-4D0D28173628}.Debug|Any CPU.Build.0 = Debug|Any CPU
		{E834AD41-72F5-4E29-880E-4D0D28173628}.Debug|x86.ActiveCfg = Debug|Any CPU
		{E834AD41-72F5-4E29-880E-4D0D28173628}.Debug|x86.Build.0 = Debug|Any CPU
		{E834AD41-72F5-4E29-880E-4D0D28173628}.Release|Any CPU.ActiveCfg = Release|Any CPU
		{E834AD41-72F5-4E29-880E-4D0D28173628}.Release|Any CPU.Build.0 = Release|Any CPU
		{E834AD41-72F5-4E29-880E-4D0D28173628}.Release|x86.ActiveCfg = Release|Any CPU
		{E834AD41-72F5-4E29-880E-4D0D28173628}.Release|x86.Build.0 = Release|Any CPU
		{D5101F5B-07CB-4E50-8B6B-2370B70CBD64}.Debug|Any CPU.ActiveCfg = Debug|Any CPU
		{D5101F5B-07CB-4E50-8B6B-2370B70CBD64}.Debug|Any CPU.Build.0 = Debug|Any CPU
		{D5101F5B-07CB-4E50-8B6B-2370B70CBD64}.Debug|x86.ActiveCfg = Debug|Any CPU
		{D5101F5B-07CB-4E50-8B6B-2370B70CBD64}.Debug|x86.Build.0 = Debug|Any CPU
		{D5101F5B-07CB-4E50-8B6B-2370B70CBD64}.Release|Any CPU.ActiveCfg = Release|Any CPU
		{D5101F5B-07CB-4E50-8B6B-2370B70CBD64}.Release|Any CPU.Build.0 = Release|Any CPU
		{D5101F5B-07CB-4E50-8B6B-2370B70CBD64}.Release|x86.ActiveCfg = Release|Any CPU
		{D5101F5B-07CB-4E50-8B6B-2370B70CBD64}.Release|x86.Build.0 = Release|Any CPU
		{6D1FD3D8-EE7F-42AC-A902-9D4CCA19F196}.Debug|Any CPU.ActiveCfg = Debug|Any CPU
		{6D1FD3D8-EE7F-42AC-A902-9D4CCA19F196}.Debug|Any CPU.Build.0 = Debug|Any CPU
		{6D1FD3D8-EE7F-42AC-A902-9D4CCA19F196}.Debug|x86.ActiveCfg = Debug|Any CPU
		{6D1FD3D8-EE7F-42AC-A902-9D4CCA19F196}.Debug|x86.Build.0 = Debug|Any CPU
		{6D1FD3D8-EE7F-42AC-A902-9D4CCA19F196}.Release|Any CPU.ActiveCfg = Release|Any CPU
		{6D1FD3D8-EE7F-42AC-A902-9D4CCA19F196}.Release|Any CPU.Build.0 = Release|Any CPU
		{6D1FD3D8-EE7F-42AC-A902-9D4CCA19F196}.Release|x86.ActiveCfg = Release|Any CPU
		{6D1FD3D8-EE7F-42AC-A902-9D4CCA19F196}.Release|x86.Build.0 = Release|Any CPU
		{9426BB05-3444-4402-B59E-0C7E2AF0D5BE}.Debug|Any CPU.ActiveCfg = Debug|Any CPU
		{9426BB05-3444-4402-B59E-0C7E2AF0D5BE}.Debug|Any CPU.Build.0 = Debug|Any CPU
		{9426BB05-3444-4402-B59E-0C7E2AF0D5BE}.Debug|x86.ActiveCfg = Debug|Any CPU
		{9426BB05-3444-4402-B59E-0C7E2AF0D5BE}.Debug|x86.Build.0 = Debug|Any CPU
		{9426BB05-3444-4402-B59E-0C7E2AF0D5BE}.Release|Any CPU.ActiveCfg = Release|Any CPU
		{9426BB05-3444-4402-B59E-0C7E2AF0D5BE}.Release|Any CPU.Build.0 = Release|Any CPU
		{9426BB05-3444-4402-B59E-0C7E2AF0D5BE}.Release|x86.ActiveCfg = Release|Any CPU
		{9426BB05-3444-4402-B59E-0C7E2AF0D5BE}.Release|x86.Build.0 = Release|Any CPU
		{E37A7F14-1EC6-4EC7-B698-046D2FA5D7D0}.Debug|Any CPU.ActiveCfg = Debug|Any CPU
		{E37A7F14-1EC6-4EC7-B698-046D2FA5D7D0}.Debug|Any CPU.Build.0 = Debug|Any CPU
		{E37A7F14-1EC6-4EC7-B698-046D2FA5D7D0}.Debug|x86.ActiveCfg = Debug|Any CPU
		{E37A7F14-1EC6-4EC7-B698-046D2FA5D7D0}.Debug|x86.Build.0 = Debug|Any CPU
		{E37A7F14-1EC6-4EC7-B698-046D2FA5D7D0}.Release|Any CPU.ActiveCfg = Release|Any CPU
		{E37A7F14-1EC6-4EC7-B698-046D2FA5D7D0}.Release|Any CPU.Build.0 = Release|Any CPU
		{E37A7F14-1EC6-4EC7-B698-046D2FA5D7D0}.Release|x86.ActiveCfg = Release|Any CPU
		{E37A7F14-1EC6-4EC7-B698-046D2FA5D7D0}.Release|x86.Build.0 = Release|Any CPU
		{421F77AB-87DD-492F-BA8D-C26D62E7DA6F}.Debug|Any CPU.ActiveCfg = Debug|Any CPU
		{421F77AB-87DD-492F-BA8D-C26D62E7DA6F}.Debug|Any CPU.Build.0 = Debug|Any CPU
		{421F77AB-87DD-492F-BA8D-C26D62E7DA6F}.Debug|x86.ActiveCfg = Debug|Any CPU
		{421F77AB-87DD-492F-BA8D-C26D62E7DA6F}.Debug|x86.Build.0 = Debug|Any CPU
		{421F77AB-87DD-492F-BA8D-C26D62E7DA6F}.Release|Any CPU.ActiveCfg = Release|Any CPU
		{421F77AB-87DD-492F-BA8D-C26D62E7DA6F}.Release|Any CPU.Build.0 = Release|Any CPU
		{421F77AB-87DD-492F-BA8D-C26D62E7DA6F}.Release|x86.ActiveCfg = Release|Any CPU
		{421F77AB-87DD-492F-BA8D-C26D62E7DA6F}.Release|x86.Build.0 = Release|Any CPU
		{17BE20B0-58FB-4DCF-8558-AF79D4FB68BC}.Debug|Any CPU.ActiveCfg = Debug|Any CPU
		{17BE20B0-58FB-4DCF-8558-AF79D4FB68BC}.Debug|Any CPU.Build.0 = Debug|Any CPU
		{17BE20B0-58FB-4DCF-8558-AF79D4FB68BC}.Debug|x86.ActiveCfg = Debug|Any CPU
		{17BE20B0-58FB-4DCF-8558-AF79D4FB68BC}.Debug|x86.Build.0 = Debug|Any CPU
		{17BE20B0-58FB-4DCF-8558-AF79D4FB68BC}.Release|Any CPU.ActiveCfg = Release|Any CPU
		{17BE20B0-58FB-4DCF-8558-AF79D4FB68BC}.Release|Any CPU.Build.0 = Release|Any CPU
		{17BE20B0-58FB-4DCF-8558-AF79D4FB68BC}.Release|x86.ActiveCfg = Release|Any CPU
		{17BE20B0-58FB-4DCF-8558-AF79D4FB68BC}.Release|x86.Build.0 = Release|Any CPU
		{AA03AFBE-886A-4F6D-A483-1383B920DD9E}.Debug|Any CPU.ActiveCfg = Debug|Any CPU
		{AA03AFBE-886A-4F6D-A483-1383B920DD9E}.Debug|Any CPU.Build.0 = Debug|Any CPU
		{AA03AFBE-886A-4F6D-A483-1383B920DD9E}.Debug|x86.ActiveCfg = Debug|Any CPU
		{AA03AFBE-886A-4F6D-A483-1383B920DD9E}.Debug|x86.Build.0 = Debug|Any CPU
		{AA03AFBE-886A-4F6D-A483-1383B920DD9E}.Release|Any CPU.ActiveCfg = Release|Any CPU
		{AA03AFBE-886A-4F6D-A483-1383B920DD9E}.Release|Any CPU.Build.0 = Release|Any CPU
		{AA03AFBE-886A-4F6D-A483-1383B920DD9E}.Release|x86.ActiveCfg = Release|Any CPU
		{AA03AFBE-886A-4F6D-A483-1383B920DD9E}.Release|x86.Build.0 = Release|Any CPU
		{9EADF28F-8DFA-46B1-9CA7-93791664534D}.Debug|Any CPU.ActiveCfg = Debug|Any CPU
		{9EADF28F-8DFA-46B1-9CA7-93791664534D}.Debug|Any CPU.Build.0 = Debug|Any CPU
		{9EADF28F-8DFA-46B1-9CA7-93791664534D}.Debug|x86.ActiveCfg = Debug|Any CPU
		{9EADF28F-8DFA-46B1-9CA7-93791664534D}.Debug|x86.Build.0 = Debug|Any CPU
		{9EADF28F-8DFA-46B1-9CA7-93791664534D}.Release|Any CPU.ActiveCfg = Release|Any CPU
		{9EADF28F-8DFA-46B1-9CA7-93791664534D}.Release|Any CPU.Build.0 = Release|Any CPU
		{9EADF28F-8DFA-46B1-9CA7-93791664534D}.Release|x86.ActiveCfg = Release|Any CPU
		{9EADF28F-8DFA-46B1-9CA7-93791664534D}.Release|x86.Build.0 = Release|Any CPU
		{8C92B18A-582A-4BE6-810C-620B9494D4C0}.Debug|Any CPU.ActiveCfg = Debug|Any CPU
		{8C92B18A-582A-4BE6-810C-620B9494D4C0}.Debug|Any CPU.Build.0 = Debug|Any CPU
		{8C92B18A-582A-4BE6-810C-620B9494D4C0}.Debug|x86.ActiveCfg = Debug|Any CPU
		{8C92B18A-582A-4BE6-810C-620B9494D4C0}.Debug|x86.Build.0 = Debug|Any CPU
		{8C92B18A-582A-4BE6-810C-620B9494D4C0}.Release|Any CPU.ActiveCfg = Release|Any CPU
		{8C92B18A-582A-4BE6-810C-620B9494D4C0}.Release|Any CPU.Build.0 = Release|Any CPU
		{8C92B18A-582A-4BE6-810C-620B9494D4C0}.Release|x86.ActiveCfg = Release|Any CPU
		{8C92B18A-582A-4BE6-810C-620B9494D4C0}.Release|x86.Build.0 = Release|Any CPU
	EndGlobalSection
	GlobalSection(SolutionProperties) = preSolution
		HideSolutionNode = FALSE
	EndGlobalSection
	GlobalSection(NestedProjects) = preSolution
		{AEE09199-7E0C-49DE-8F99-039C3AE719BA} = {84279FBA-34AA-4AA3-8B54-683095253B88}
		{4324F0E2-FD83-49E7-9D13-55CB07A5FB4F} = {84279FBA-34AA-4AA3-8B54-683095253B88}
		{08B4A28C-422D-4805-AFC3-359D90A71126} = {84279FBA-34AA-4AA3-8B54-683095253B88}
		{C0938248-4B13-4D32-9352-0226030C77DD} = {84279FBA-34AA-4AA3-8B54-683095253B88}
		{E834AD41-72F5-4E29-880E-4D0D28173628} = {84279FBA-34AA-4AA3-8B54-683095253B88}
		{D5101F5B-07CB-4E50-8B6B-2370B70CBD64} = {84279FBA-34AA-4AA3-8B54-683095253B88}
		{6D1FD3D8-EE7F-42AC-A902-9D4CCA19F196} = {84279FBA-34AA-4AA3-8B54-683095253B88}
		{9426BB05-3444-4402-B59E-0C7E2AF0D5BE} = {84279FBA-34AA-4AA3-8B54-683095253B88}
		{E37A7F14-1EC6-4EC7-B698-046D2FA5D7D0} = {B99C6BD2-831A-4B91-965B-91D9F41DAEE7}
		{421F77AB-87DD-492F-BA8D-C26D62E7DA6F} = {B99C6BD2-831A-4B91-965B-91D9F41DAEE7}
		{17BE20B0-58FB-4DCF-8558-AF79D4FB68BC} = {B99C6BD2-831A-4B91-965B-91D9F41DAEE7}
		{AA03AFBE-886A-4F6D-A483-1383B920DD9E} = {B99C6BD2-831A-4B91-965B-91D9F41DAEE7}
		{9EADF28F-8DFA-46B1-9CA7-93791664534D} = {B99C6BD2-831A-4B91-965B-91D9F41DAEE7}
		{8C92B18A-582A-4BE6-810C-620B9494D4C0} = {B99C6BD2-831A-4B91-965B-91D9F41DAEE7}
	EndGlobalSection
	GlobalSection(ExtensibilityGlobals) = postSolution
		SolutionGuid = {8052DCB4-F5B9-40C2-8730-66459E170CBF}
	EndGlobalSection
EndGlobal
